
Microsoft Visual Studio Solution File, Format Version 12.00
# Visual Studio 15
VisualStudioVersion = 15.0.27703.2042
MinimumVisualStudioVersion = 10.0.40219.1
Project("{9A19103F-16F7-4668-BE54-9A1E7A4F7556}") = "OlaMundo", "OlaMundo\OlaMundo.csproj", "{E1F88645-87D9-4A26-BE73-839471F6D15B}"
EndProject
Project("{9A19103F-16F7-4668-BE54-9A1E7A4F7556}") = "BibliotecaString", "BibliotecaString\BibliotecaString.csproj", "{A513A393-CFB8-46AB-96C8-AE88B7580FC1}"
EndProject
Project("{9A19103F-16F7-4668-BE54-9A1E7A4F7556}") = "Classes", "Classes\Classes.csproj", "{D88E4AB3-D3DF-40F2-85CE-130847DD726C}"
EndProject
Project("{9A19103F-16F7-4668-BE54-9A1E7A4F7556}") = "Teleprompt", "Teleprompt\Teleprompt.csproj", "{3E2B7D98-F0FC-4A71-9B97-76724880AC5A}"
EndProject
Project("{9A19103F-16F7-4668-BE54-9A1E7A4F7556}") = "ClienteRestGithub", "ClienteRestGithub\ClienteRestGithub.csproj", "{032BDFAF-EBF7-4BA7-B250-207E1DE6AF80}"
EndProject
Project("{9A19103F-16F7-4668-BE54-9A1E7A4F7556}") = "Atributos", "Atributos\Atributos.csproj", "{FB29C8C8-634A-45C4-99E1-F18251D5AD41}"
EndProject
Project("{FAE04EC0-301F-11D3-BF4B-00C04F79EFBC}") = "MetodosEstaticosInstancia", "MetodosEstaticosInstancia\MetodosEstaticosInstancia.csproj", "{60D59980-AF0D-4BEA-B7AC-50DAA09447E6}"
EndProject
Global
	GlobalSection(SolutionConfigurationPlatforms) = preSolution
		Debug|Any CPU = Debug|Any CPU
		Release|Any CPU = Release|Any CPU
	EndGlobalSection
	GlobalSection(ProjectConfigurationPlatforms) = postSolution
		{E1F88645-87D9-4A26-BE73-839471F6D15B}.Debug|Any CPU.ActiveCfg = Debug|Any CPU
		{E1F88645-87D9-4A26-BE73-839471F6D15B}.Debug|Any CPU.Build.0 = Debug|Any CPU
		{E1F88645-87D9-4A26-BE73-839471F6D15B}.Release|Any CPU.ActiveCfg = Release|Any CPU
		{E1F88645-87D9-4A26-BE73-839471F6D15B}.Release|Any CPU.Build.0 = Release|Any CPU
		{A513A393-CFB8-46AB-96C8-AE88B7580FC1}.Debug|Any CPU.ActiveCfg = Debug|Any CPU
		{A513A393-CFB8-46AB-96C8-AE88B7580FC1}.Debug|Any CPU.Build.0 = Debug|Any CPU
		{A513A393-CFB8-46AB-96C8-AE88B7580FC1}.Release|Any CPU.ActiveCfg = Release|Any CPU
		{A513A393-CFB8-46AB-96C8-AE88B7580FC1}.Release|Any CPU.Build.0 = Release|Any CPU
		{D88E4AB3-D3DF-40F2-85CE-130847DD726C}.Debug|Any CPU.ActiveCfg = Debug|Any CPU
		{D88E4AB3-D3DF-40F2-85CE-130847DD726C}.Debug|Any CPU.Build.0 = Debug|Any CPU
		{D88E4AB3-D3DF-40F2-85CE-130847DD726C}.Release|Any CPU.ActiveCfg = Release|Any CPU
		{D88E4AB3-D3DF-40F2-85CE-130847DD726C}.Release|Any CPU.Build.0 = Release|Any CPU
		{3E2B7D98-F0FC-4A71-9B97-76724880AC5A}.Debug|Any CPU.ActiveCfg = Debug|Any CPU
		{3E2B7D98-F0FC-4A71-9B97-76724880AC5A}.Debug|Any CPU.Build.0 = Debug|Any CPU
		{3E2B7D98-F0FC-4A71-9B97-76724880AC5A}.Release|Any CPU.ActiveCfg = Release|Any CPU
		{3E2B7D98-F0FC-4A71-9B97-76724880AC5A}.Release|Any CPU.Build.0 = Release|Any CPU
		{032BDFAF-EBF7-4BA7-B250-207E1DE6AF80}.Debug|Any CPU.ActiveCfg = Debug|Any CPU
		{032BDFAF-EBF7-4BA7-B250-207E1DE6AF80}.Debug|Any CPU.Build.0 = Debug|Any CPU
		{032BDFAF-EBF7-4BA7-B250-207E1DE6AF80}.Release|Any CPU.ActiveCfg = Release|Any CPU
		{032BDFAF-EBF7-4BA7-B250-207E1DE6AF80}.Release|Any CPU.Build.0 = Release|Any CPU
		{FB29C8C8-634A-45C4-99E1-F18251D5AD41}.Debug|Any CPU.ActiveCfg = Debug|Any CPU
		{FB29C8C8-634A-45C4-99E1-F18251D5AD41}.Debug|Any CPU.Build.0 = Debug|Any CPU
		{FB29C8C8-634A-45C4-99E1-F18251D5AD41}.Release|Any CPU.ActiveCfg = Release|Any CPU
		{FB29C8C8-634A-45C4-99E1-F18251D5AD41}.Release|Any CPU.Build.0 = Release|Any CPU
		{60D59980-AF0D-4BEA-B7AC-50DAA09447E6}.Debug|Any CPU.ActiveCfg = Debug|Any CPU
		{60D59980-AF0D-4BEA-B7AC-50DAA09447E6}.Debug|Any CPU.Build.0 = Debug|Any CPU
		{60D59980-AF0D-4BEA-B7AC-50DAA09447E6}.Release|Any CPU.ActiveCfg = Release|Any CPU
		{60D59980-AF0D-4BEA-B7AC-50DAA09447E6}.Release|Any CPU.Build.0 = Release|Any CPU
	EndGlobalSection
	GlobalSection(SolutionProperties) = preSolution
		HideSolutionNode = FALSE
	EndGlobalSection
	GlobalSection(ExtensibilityGlobals) = postSolution
		SolutionGuid = {1326BF40-3E8D-4BCC-BE5E-D3E2C991D862}
	EndGlobalSection
EndGlobal
